<Solution>
  <Folder Name="/src/">
    <Project Path="src/Intellinode.Api/Intellinode.Api.csproj" />
    <Project Path="src/Intellinode.Application/Intellinode.Application.csproj" />
    <Project Path="src/Intellinode.Domain/Intellinode.Domain.csproj" />
    <Project Path="src/Intellinode.Infrastructure/Intellinode.Infrastructure.csproj" />
  </Folder>
  <Folder Name="/tests/">
    <Project Path="tests/Intellinode.Infrastructure.Tests/Intellinode.Infrastructure.Tests.csproj" />
  </Folder>
</Solution>
